
Microsoft Visual Studio Solution File, Format Version 12.00
# Visual Studio Version 17
VisualStudioVersion = 17.5.002.0
MinimumVisualStudioVersion = 10.0.40219.1
Project("{9A19103F-16F7-4668-BE54-9A1E7A4F7556}") = "Library", "Library\Library.csproj", "{1D847CA3-59FE-4214-B04D-6D625867BF40}"
EndProject
Project("{9A19103F-16F7-4668-BE54-9A1E7A4F7556}") = "Program", "Program\Program.csproj", "{5CEECC40-1A45-4AD0-B639-A9CDFA1FC028}"
EndProject
Global
	GlobalSection(SolutionConfigurationPlatforms) = preSolution
		Debug|Any CPU = Debug|Any CPU
		Release|Any CPU = Release|Any CPU
	EndGlobalSection
	GlobalSection(ProjectConfigurationPlatforms) = postSolution
		{1D847CA3-59FE-4214-B04D-6D625867BF40}.Debug|Any CPU.ActiveCfg = Debug|Any CPU
		{1D847CA3-59FE-4214-B04D-6D625867BF40}.Debug|Any CPU.Build.0 = Debug|Any CPU
		{1D847CA3-59FE-4214-B04D-6D625867BF40}.Release|Any CPU.ActiveCfg = Release|Any CPU
		{1D847CA3-59FE-4214-B04D-6D625867BF40}.Release|Any CPU.Build.0 = Release|Any CPU
		{5CEECC40-1A45-4AD0-B639-A9CDFA1FC028}.Debug|Any CPU.ActiveCfg = Debug|Any CPU
		{5CEECC40-1A45-4AD0-B639-A9CDFA1FC028}.Debug|Any CPU.Build.0 = Debug|Any CPU
		{5CEECC40-1A45-4AD0-B639-A9CDFA1FC028}.Release|Any CPU.ActiveCfg = Release|Any CPU
		{5CEECC40-1A45-4AD0-B639-A9CDFA1FC028}.Release|Any CPU.Build.0 = Release|Any CPU
	EndGlobalSection
	GlobalSection(SolutionProperties) = preSolution
		HideSolutionNode = FALSE
	EndGlobalSection
	GlobalSection(ExtensibilityGlobals) = postSolution
		SolutionGuid = {1E6ACA36-A33B-4BD3-9E85-1835C3BF8335}
	EndGlobalSection
EndGlobal
